
Microsoft Visual Studio Solution File, Format Version 12.00
# Visual Studio Version 17
VisualStudioVersion = 17.6.33829.357
MinimumVisualStudioVersion = 10.0.40219.1
Project("{9A19103F-16F7-4668-BE54-9A1E7A4F7556}") = "Calculator", "Calculator\Calculator.csproj", "{B3CAE6FB-37AF-4F0F-92FE-783D815E81BB}"
EndProject
Global
	GlobalSection(SolutionConfigurationPlatforms) = preSolution
		Calculator|Any CPU = Calculator|Any CPU
		Calculator|x64 = Calculator|x64
		Debug|Any CPU = Debug|Any CPU
		Debug|x64 = Debug|x64
		Release|Any CPU = Release|Any CPU
		Release|x64 = Release|x64
	EndGlobalSection
	GlobalSection(ProjectConfigurationPlatforms) = postSolution
		{B3CAE6FB-37AF-4F0F-92FE-783D815E81BB}.Calculator|Any CPU.ActiveCfg = Calculator|Any CPU
		{B3CAE6FB-37AF-4F0F-92FE-783D815E81BB}.Calculator|Any CPU.Build.0 = Calculator|Any CPU
		{B3CAE6FB-37AF-4F0F-92FE-783D815E81BB}.Calculator|x64.ActiveCfg = Calculator|x64
		{B3CAE6FB-37AF-4F0F-92FE-783D815E81BB}.Calculator|x64.Build.0 = Calculator|x64
		{B3CAE6FB-37AF-4F0F-92FE-783D815E81BB}.Debug|Any CPU.ActiveCfg = Debug|Any CPU
		{B3CAE6FB-37AF-4F0F-92FE-783D815E81BB}.Debug|Any CPU.Build.0 = Debug|Any CPU
		{B3CAE6FB-37AF-4F0F-92FE-783D815E81BB}.Debug|x64.ActiveCfg = Debug|x64
		{B3CAE6FB-37AF-4F0F-92FE-783D815E81BB}.Debug|x64.Build.0 = Debug|x64
		{B3CAE6FB-37AF-4F0F-92FE-783D815E81BB}.Release|Any CPU.ActiveCfg = Release|Any CPU
		{B3CAE6FB-37AF-4F0F-92FE-783D815E81BB}.Release|Any CPU.Build.0 = Release|Any CPU
		{B3CAE6FB-37AF-4F0F-92FE-783D815E81BB}.Release|x64.ActiveCfg = Release|x64
		{B3CAE6FB-37AF-4F0F-92FE-783D815E81BB}.Release|x64.Build.0 = Release|x64
	EndGlobalSection
	GlobalSection(SolutionProperties) = preSolution
		HideSolutionNode = FALSE
	EndGlobalSection
	GlobalSection(ExtensibilityGlobals) = postSolution
		SolutionGuid = {8E71EC0D-9DA1-4BE2-A52A-FB5CB0178B69}
	EndGlobalSection
EndGlobal
